
Microsoft Visual Studio Solution File, Format Version 12.00
# Visual Studio Version 17
VisualStudioVersion = 17.9.34622.214
MinimumVisualStudioVersion = 10.0.40219.1
Project("{FAE04EC0-301F-11D3-BF4B-00C04F79EFBC}") = "dz3", "dz3.csproj", "{A20B7D57-2926-49E6-B6C4-5F0EFB51E5A0}"
EndProject
Global
	GlobalSection(SolutionConfigurationPlatforms) = preSolution
		Debug|Any CPU = Debug|Any CPU
		Release|Any CPU = Release|Any CPU
	EndGlobalSection
	GlobalSection(ProjectConfigurationPlatforms) = postSolution
		{A20B7D57-2926-49E6-B6C4-5F0EFB51E5A0}.Debug|Any CPU.ActiveCfg = Debug|Any CPU
		{A20B7D57-2926-49E6-B6C4-5F0EFB51E5A0}.Debug|Any CPU.Build.0 = Debug|Any CPU
		{A20B7D57-2926-49E6-B6C4-5F0EFB51E5A0}.Release|Any CPU.ActiveCfg = Release|Any CPU
		{A20B7D57-2926-49E6-B6C4-5F0EFB51E5A0}.Release|Any CPU.Build.0 = Release|Any CPU
	EndGlobalSection
	GlobalSection(SolutionProperties) = preSolution
		HideSolutionNode = FALSE
	EndGlobalSection
	GlobalSection(ExtensibilityGlobals) = postSolution
		SolutionGuid = {0FA7F42C-ABB9-4F85-B4E6-6002591A5DB7}
	EndGlobalSection
EndGlobal
